
Microsoft Visual Studio Solution File, Format Version 12.00
# Visual Studio Version 17
VisualStudioVersion = 17.8.34309.116
MinimumVisualStudioVersion = 10.0.40219.1
Project("{FAE04EC0-301F-11D3-BF4B-00C04F79EFBC}") = "Hello World", "Hello World.csproj", "{62B42E44-8324-45CD-A250-C226CA02F843}"
EndProject
Global
	GlobalSection(SolutionConfigurationPlatforms) = preSolution
		Debug|Any CPU = Debug|Any CPU
		Release|Any CPU = Release|Any CPU
	EndGlobalSection
	GlobalSection(ProjectConfigurationPlatforms) = postSolution
		{62B42E44-8324-45CD-A250-C226CA02F843}.Debug|Any CPU.ActiveCfg = Debug|Any CPU
		{62B42E44-8324-45CD-A250-C226CA02F843}.Debug|Any CPU.Build.0 = Debug|Any CPU
		{62B42E44-8324-45CD-A250-C226CA02F843}.Release|Any CPU.ActiveCfg = Release|Any CPU
		{62B42E44-8324-45CD-A250-C226CA02F843}.Release|Any CPU.Build.0 = Release|Any CPU
	EndGlobalSection
	GlobalSection(SolutionProperties) = preSolution
		HideSolutionNode = FALSE
	EndGlobalSection
	GlobalSection(ExtensibilityGlobals) = postSolution
		SolutionGuid = {F6E28925-27D1-43DC-B5F7-24494DAD3219}
	EndGlobalSection
EndGlobal
